
Microsoft Visual Studio Solution File, Format Version 12.00
# Visual Studio Version 17
VisualStudioVersion = 17.4.33122.133
MinimumVisualStudioVersion = 10.0.40219.1
Project("{9A19103F-16F7-4668-BE54-9A1E7A4F7556}") = "fnGanttChartRating", "fnGanttChartRating\fnGanttChartRating.csproj", "{BBFAF45F-1585-4E78-B9A8-4F044B8FD7E5}"
EndProject
Global
	GlobalSection(SolutionConfigurationPlatforms) = preSolution
		Debug|Any CPU = Debug|Any CPU
		Release|Any CPU = Release|Any CPU
	EndGlobalSection
	GlobalSection(ProjectConfigurationPlatforms) = postSolution
		{BBFAF45F-1585-4E78-B9A8-4F044B8FD7E5}.Debug|Any CPU.ActiveCfg = Debug|Any CPU
		{BBFAF45F-1585-4E78-B9A8-4F044B8FD7E5}.Debug|Any CPU.Build.0 = Debug|Any CPU
		{BBFAF45F-1585-4E78-B9A8-4F044B8FD7E5}.Release|Any CPU.ActiveCfg = Release|Any CPU
		{BBFAF45F-1585-4E78-B9A8-4F044B8FD7E5}.Release|Any CPU.Build.0 = Release|Any CPU
	EndGlobalSection
	GlobalSection(SolutionProperties) = preSolution
		HideSolutionNode = FALSE
	EndGlobalSection
	GlobalSection(ExtensibilityGlobals) = postSolution
		SolutionGuid = {5D02D3E1-6D4A-43B1-A6E5-4FDD13CBCE0D}
	EndGlobalSection
EndGlobal
